
Microsoft Visual Studio Solution File, Format Version 12.00
# Visual Studio Version 17
VisualStudioVersion = 17.1.32319.34
MinimumVisualStudioVersion = 10.0.40219.1
Project("{8BC9CEB8-8B4A-11D0-8D11-00A0C91BC942}") = "ArkanoidClone", "ArkanoidClone\ArkanoidClone.vcxproj", "{885FC13A-751D-4435-8CCA-8800EBC914A2}"
EndProject
Global
	GlobalSection(SolutionConfigurationPlatforms) = preSolution
		Debug|x64 = Debug|x64
		Debug|x86 = Debug|x86
		Release|x64 = Release|x64
		Release|x86 = Release|x86
	EndGlobalSection
	GlobalSection(ProjectConfigurationPlatforms) = postSolution
		{885FC13A-751D-4435-8CCA-8800EBC914A2}.Debug|x64.ActiveCfg = Debug|x64
		{885FC13A-751D-4435-8CCA-8800EBC914A2}.Debug|x64.Build.0 = Debug|x64
		{885FC13A-751D-4435-8CCA-8800EBC914A2}.Debug|x86.ActiveCfg = Debug|Win32
		{885FC13A-751D-4435-8CCA-8800EBC914A2}.Debug|x86.Build.0 = Debug|Win32
		{885FC13A-751D-4435-8CCA-8800EBC914A2}.Release|x64.ActiveCfg = Release|x64
		{885FC13A-751D-4435-8CCA-8800EBC914A2}.Release|x64.Build.0 = Release|x64
		{885FC13A-751D-4435-8CCA-8800EBC914A2}.Release|x86.ActiveCfg = Release|Win32
		{885FC13A-751D-4435-8CCA-8800EBC914A2}.Release|x86.Build.0 = Release|Win32
	EndGlobalSection
	GlobalSection(SolutionProperties) = preSolution
		HideSolutionNode = FALSE
	EndGlobalSection
	GlobalSection(ExtensibilityGlobals) = postSolution
		SolutionGuid = {CB37AF6C-9B7D-4ACD-A793-488B16838600}
	EndGlobalSection
EndGlobal
